
Microsoft Visual Studio Solution File, Format Version 12.00
# Visual Studio Version 17
VisualStudioVersion = 17.0.31808.319
MinimumVisualStudioVersion = 10.0.40219.1
Project("{9A19103F-16F7-4668-BE54-9A1E7A4F7556}") = "AutoMapper.Samples", "AutoMapper.Samples.csproj", "{69F356A9-C06B-4EFF-8181-779786987581}"
EndProject
Project("{2150E333-8FDC-42A3-9474-1A3956D46DE8}") = "Loadtests.K6", "Loadtests.K6", "{12519984-CD73-45AB-982C-5A97AF32655D}"
	ProjectSection(SolutionItems) = preProject
		Loadtest.js = Loadtest.js
		Sampletest.js = Sampletest.js
		smoketest.js = smoketest.js
		Soaktest.js = Soaktest.js
		Stresstest.js = Stresstest.js
	EndProjectSection
EndProject
Global
	GlobalSection(SolutionConfigurationPlatforms) = preSolution
		Debug|Any CPU = Debug|Any CPU
		Release|Any CPU = Release|Any CPU
	EndGlobalSection
	GlobalSection(ProjectConfigurationPlatforms) = postSolution
		{69F356A9-C06B-4EFF-8181-779786987581}.Debug|Any CPU.ActiveCfg = Debug|Any CPU
		{69F356A9-C06B-4EFF-8181-779786987581}.Debug|Any CPU.Build.0 = Debug|Any CPU
		{69F356A9-C06B-4EFF-8181-779786987581}.Release|Any CPU.ActiveCfg = Release|Any CPU
		{69F356A9-C06B-4EFF-8181-779786987581}.Release|Any CPU.Build.0 = Release|Any CPU
	EndGlobalSection
	GlobalSection(SolutionProperties) = preSolution
		HideSolutionNode = FALSE
	EndGlobalSection
	GlobalSection(ExtensibilityGlobals) = postSolution
		SolutionGuid = {E6894F4C-BEDC-4109-89D1-019556B9D161}
	EndGlobalSection
EndGlobal
